
Microsoft Visual Studio Solution File, Format Version 12.00
# Visual Studio Version 16
VisualStudioVersion = 16.0.30517.126
MinimumVisualStudioVersion = 10.0.40219.1
Project("{FAE04EC0-301F-11D3-BF4B-00C04F79EFBC}") = "BootstrapTest", "BootstrapTest\BootstrapTest.csproj", "{3CB0558C-2A28-4E1A-B6E3-11000D44EEA6}"
EndProject
Global
	GlobalSection(SolutionConfigurationPlatforms) = preSolution
		Debug|Any CPU = Debug|Any CPU
		Release|Any CPU = Release|Any CPU
	EndGlobalSection
	GlobalSection(ProjectConfigurationPlatforms) = postSolution
		{3CB0558C-2A28-4E1A-B6E3-11000D44EEA6}.Debug|Any CPU.ActiveCfg = Debug|Any CPU
		{3CB0558C-2A28-4E1A-B6E3-11000D44EEA6}.Debug|Any CPU.Build.0 = Debug|Any CPU
		{3CB0558C-2A28-4E1A-B6E3-11000D44EEA6}.Release|Any CPU.ActiveCfg = Release|Any CPU
		{3CB0558C-2A28-4E1A-B6E3-11000D44EEA6}.Release|Any CPU.Build.0 = Release|Any CPU
	EndGlobalSection
	GlobalSection(SolutionProperties) = preSolution
		HideSolutionNode = FALSE
	EndGlobalSection
	GlobalSection(ExtensibilityGlobals) = postSolution
		SolutionGuid = {765C4A62-3B43-48A4-AFBF-B21C59DC17BC}
	EndGlobalSection
EndGlobal
